// !$*UTF8*$!
{
	archiveVersion = 1;
	classes = {
	};
	objectVersion = 46;
	objects = {

/* Begin PBXBuildFile section */
		CD9C0A531A2E44A900E767DA /* Watchdog.h in CopyFiles */ = {isa = PBXBuildFile; fileRef = CD9C0A521A2E44A900E767DA /* Watchdog.h */; };
		CD9C0A551A2E44A900E767DA /* Watchdog.m in Sources */ = {isa = PBXBuildFile; fileRef = CD9C0A541A2E44A900E767DA /* Watchdog.m */; };
		CD9C0A5B1A2E44A900E767DA /* libWatchdog.a in Frameworks */ = {isa = PBXBuildFile; fileRef = CD9C0A4F1A2E44A900E767DA /* libWatchdog.a */; };
		CDF1FA1F1A30A151003D421F /* Python.framework in Frameworks */ = {isa = PBXBuildFile; fileRef = CDF1FA1E1A30A151003D421F /* Python.framework */; };
/* End PBXBuildFile section */

/* Begin PBXContainerItemProxy section */
		CD9C0A5C1A2E44A900E767DA /* PBXContainerItemProxy */ = {
			isa = PBXContainerItemProxy;
			containerPortal = CD9C0A471A2E44A900E767DA /* Project object */;
			proxyType = 1;
			remoteGlobalIDString = CD9C0A4E1A2E44A900E767DA;
			remoteInfo = Watchdog;
		};
/* End PBXContainerItemProxy section */

/* Begin PBXCopyFilesBuildPhase section */
		CD9C0A4D1A2E44A900E767DA /* CopyFiles */ = {
			isa = PBXCopyFilesBuildPhase;
			buildActionMask = 2147483647;
			dstPath = "include/$(PRODUCT_NAME)";
			dstSubfolderSpec = 16;
			files = (
				CD9C0A531A2E44A900E767DA /* Watchdog.h in CopyFiles */,
			);
			runOnlyForDeploymentPostprocessing = 0;
		};
/* End PBXCopyFilesBuildPhase section */

/* Begin PBXFileReference section */
		CD9C0A4F1A2E44A900E767DA /* libWatchdog.a */ = {isa = PBXFileReference; explicitFileType = archive.ar; includeInIndex = 0; path = libWatchdog.a; sourceTree = BUILT_PRODUCTS_DIR; };
		CD9C0A521A2E44A900E767DA /* Watchdog.h */ = {isa = PBXFileReference; lastKnownFileType = sourcecode.c.h; path = Watchdog.h; sourceTree = "<group>"; };
		CD9C0A541A2E44A900E767DA /* Watchdog.m */ = {isa = PBXFileReference; lastKnownFileType = sourcecode.c.objc; path = Watchdog.m; sourceTree = "<group>"; };
		CD9C0A5A1A2E44A900E767DA /* WatchdogTests.xctest */ = {isa = PBXFileReference; explicitFileType = wrapper.cfbundle; includeInIndex = 0; path = WatchdogTests.xctest; sourceTree = BUILT_PRODUCTS_DIR; };
		CD9C0A601A2E44A900E767DA /* Info.plist */ = {isa = PBXFileReference; lastKnownFileType = text.plist.xml; path = Info.plist; sourceTree = "<group>"; };
		CD9C0A6D1A2E4D3B00E767DA /* .name */ = {isa = PBXFileReference; fileEncoding = 4; lastKnownFileType = text; path = .name; sourceTree = "<group>"; };
		CD9C0A6F1A2E4D3B00E767DA /* Patrick.xml */ = {isa = PBXFileReference; fileEncoding = 4; lastKnownFileType = text.xml; path = Patrick.xml; sourceTree = "<group>"; };
		CD9C0A701A2E4D3B00E767DA /* encodings.xml */ = {isa = PBXFileReference; fileEncoding = 4; lastKnownFileType = text.xml; path = encodings.xml; sourceTree = "<group>"; };
		CD9C0A711A2E4D3B00E767DA /* misc.xml */ = {isa = PBXFileReference; fileEncoding = 4; lastKnownFileType = text.xml; path = misc.xml; sourceTree = "<group>"; };
		CD9C0A721A2E4D3B00E767DA /* modules.xml */ = {isa = PBXFileReference; fileEncoding = 4; lastKnownFileType = text.xml; path = modules.xml; sourceTree = "<group>"; };
		CD9C0A741A2E4D3B00E767DA /* scope_settings.xml */ = {isa = PBXFileReference; fileEncoding = 4; lastKnownFileType = text.xml; path = scope_settings.xml; sourceTree = "<group>"; };
		CD9C0A751A2E4D3B00E767DA /* Scripts.iml */ = {isa = PBXFileReference; fileEncoding = 4; lastKnownFileType = text.xml; path = Scripts.iml; sourceTree = "<group>"; };
		CD9C0A761A2E4D3B00E767DA /* vcs.xml */ = {isa = PBXFileReference; fileEncoding = 4; lastKnownFileType = text.xml; path = vcs.xml; sourceTree = "<group>"; };
		CD9C0A771A2E4D3B00E767DA /* workspace.xml */ = {isa = PBXFileReference; fileEncoding = 4; lastKnownFileType = text.xml; path = workspace.xml; sourceTree = "<group>"; };
		CD9C0A781A2E4D3B00E767DA /* content-watchdog.py */ = {isa = PBXFileReference; fileEncoding = 4; lastKnownFileType = text.script.python; path = "content-watchdog.py"; sourceTree = "<group>"; };
		CD9C0A791A2E4D3B00E767DA /* utility.py */ = {isa = PBXFileReference; fileEncoding = 4; lastKnownFileType = text.script.python; path = utility.py; sourceTree = "<group>"; };
		CDF1FA1E1A30A151003D421F /* Python.framework */ = {isa = PBXFileReference; lastKnownFileType = wrapper.framework; name = Python.framework; path = ../../../../../System/Library/Frameworks/Python.framework; sourceTree = "<group>"; };
/* End PBXFileReference section */

/* Begin PBXFrameworksBuildPhase section */
		CD9C0A4C1A2E44A900E767DA /* Frameworks */ = {
			isa = PBXFrameworksBuildPhase;
			buildActionMask = 2147483647;
			files = (
				CDF1FA1F1A30A151003D421F /* Python.framework in Frameworks */,
			);
			runOnlyForDeploymentPostprocessing = 0;
		};
		CD9C0A571A2E44A900E767DA /* Frameworks */ = {
			isa = PBXFrameworksBuildPhase;
			buildActionMask = 2147483647;
			files = (
				CD9C0A5B1A2E44A900E767DA /* libWatchdog.a in Frameworks */,
			);
			runOnlyForDeploymentPostprocessing = 0;
		};
/* End PBXFrameworksBuildPhase section */

/* Begin PBXGroup section */
		CD9C0A461A2E44A900E767DA = {
			isa = PBXGroup;
			children = (
				CDF1FA1E1A30A151003D421F /* Python.framework */,
				CD9C0A6B1A2E4D3B00E767DA /* scripts */,
				CD9C0A511A2E44A900E767DA /* Watchdog */,
				CD9C0A5E1A2E44A900E767DA /* WatchdogTests */,
				CD9C0A501A2E44A900E767DA /* Products */,
			);
			sourceTree = "<group>";
		};
		CD9C0A501A2E44A900E767DA /* Products */ = {
			isa = PBXGroup;
			children = (
				CD9C0A4F1A2E44A900E767DA /* libWatchdog.a */,
				CD9C0A5A1A2E44A900E767DA /* WatchdogTests.xctest */,
			);
			name = Products;
			sourceTree = "<group>";
		};
		CD9C0A511A2E44A900E767DA /* Watchdog */ = {
			isa = PBXGroup;
			children = (
				CD9C0A521A2E44A900E767DA /* Watchdog.h */,
				CD9C0A541A2E44A900E767DA /* Watchdog.m */,
			);
			path = Watchdog;
			sourceTree = "<group>";
		};
		CD9C0A5E1A2E44A900E767DA /* WatchdogTests */ = {
			isa = PBXGroup;
			children = (
				CD9C0A5F1A2E44A900E767DA /* Supporting Files */,
			);
			path = WatchdogTests;
			sourceTree = "<group>";
		};
		CD9C0A5F1A2E44A900E767DA /* Supporting Files */ = {
			isa = PBXGroup;
			children = (
				CD9C0A601A2E44A900E767DA /* Info.plist */,
			);
			name = "Supporting Files";
			sourceTree = "<group>";
		};
		CD9C0A6B1A2E4D3B00E767DA /* scripts */ = {
			isa = PBXGroup;
			children = (
				CD9C0A6C1A2E4D3B00E767DA /* .idea */,
				CD9C0A781A2E4D3B00E767DA /* content-watchdog.py */,
				CD9C0A791A2E4D3B00E767DA /* utility.py */,
			);
			name = scripts;
			path = Watchdog/scripts;
			sourceTree = "<group>";
		};
		CD9C0A6C1A2E4D3B00E767DA /* .idea */ = {
			isa = PBXGroup;
			children = (
				CD9C0A6D1A2E4D3B00E767DA /* .name */,
				CD9C0A6E1A2E4D3B00E767DA /* dictionaries */,
				CD9C0A701A2E4D3B00E767DA /* encodings.xml */,
				CD9C0A711A2E4D3B00E767DA /* misc.xml */,
				CD9C0A721A2E4D3B00E767DA /* modules.xml */,
				CD9C0A731A2E4D3B00E767DA /* scopes */,
				CD9C0A751A2E4D3B00E767DA /* Scripts.iml */,
				CD9C0A761A2E4D3B00E767DA /* vcs.xml */,
				CD9C0A771A2E4D3B00E767DA /* workspace.xml */,
			);
			path = .idea;
			sourceTree = "<group>";
		};
		CD9C0A6E1A2E4D3B00E767DA /* dictionaries */ = {
			isa = PBXGroup;
			children = (
				CD9C0A6F1A2E4D3B00E767DA /* Patrick.xml */,
			);
			path = dictionaries;
			sourceTree = "<group>";
		};
		CD9C0A731A2E4D3B00E767DA /* scopes */ = {
			isa = PBXGroup;
			children = (
				CD9C0A741A2E4D3B00E767DA /* scope_settings.xml */,
			);
			path = scopes;
			sourceTree = "<group>";
		};
/* End PBXGroup section */

/* Begin PBXNativeTarget section */
		CD9C0A4E1A2E44A900E767DA /* Watchdog */ = {
			isa = PBXNativeTarget;
			buildConfigurationList = CD9C0A631A2E44A900E767DA /* Build configuration list for PBXNativeTarget "Watchdog" */;
			buildPhases = (
				CD9C0A4B1A2E44A900E767DA /* Sources */,
				CD9C0A4C1A2E44A900E767DA /* Frameworks */,
				CD9C0A4D1A2E44A900E767DA /* CopyFiles */,
			);
			buildRules = (
			);
			dependencies = (
			);
			name = Watchdog;
			productName = Watchdog;
			productReference = CD9C0A4F1A2E44A900E767DA /* libWatchdog.a */;
			productType = "com.apple.product-type.library.static";
		};
		CD9C0A591A2E44A900E767DA /* WatchdogTests */ = {
			isa = PBXNativeTarget;
			buildConfigurationList = CD9C0A661A2E44A900E767DA /* Build configuration list for PBXNativeTarget "WatchdogTests" */;
			buildPhases = (
				CD9C0A561A2E44A900E767DA /* Sources */,
				CD9C0A571A2E44A900E767DA /* Frameworks */,
				CD9C0A581A2E44A900E767DA /* Resources */,
			);
			buildRules = (
			);
			dependencies = (
				CD9C0A5D1A2E44A900E767DA /* PBXTargetDependency */,
			);
			name = WatchdogTests;
			productName = WatchdogTests;
			productReference = CD9C0A5A1A2E44A900E767DA /* WatchdogTests.xctest */;
			productType = "com.apple.product-type.bundle.unit-test";
		};
/* End PBXNativeTarget section */

/* Begin PBXProject section */
		CD9C0A471A2E44A900E767DA /* Project object */ = {
			isa = PBXProject;
			attributes = {
				LastUpgradeCheck = 0610;
				ORGANIZATIONNAME = Appuccino;
				TargetAttributes = {
					CD9C0A4E1A2E44A900E767DA = {
						CreatedOnToolsVersion = 6.1;
					};
					CD9C0A591A2E44A900E767DA = {
						CreatedOnToolsVersion = 6.1;
					};
				};
			};
			buildConfigurationList = CD9C0A4A1A2E44A900E767DA /* Build configuration list for PBXProject "Watchdog" */;
			compatibilityVersion = "Xcode 3.2";
			developmentRegion = English;
			hasScannedForEncodings = 0;
			knownRegions = (
				en,
			);
			mainGroup = CD9C0A461A2E44A900E767DA;
			productRefGroup = CD9C0A501A2E44A900E767DA /* Products */;
			projectDirPath = "";
			projectRoot = "";
			targets = (
				CD9C0A4E1A2E44A900E767DA /* Watchdog */,
				CD9C0A591A2E44A900E767DA /* WatchdogTests */,
			);
		};
/* End PBXProject section */

/* Begin PBXResourcesBuildPhase section */
		CD9C0A581A2E44A900E767DA /* Resources */ = {
			isa = PBXResourcesBuildPhase;
			buildActionMask = 2147483647;
			files = (
			);
			runOnlyForDeploymentPostprocessing = 0;
		};
/* End PBXResourcesBuildPhase section */

/* Begin PBXSourcesBuildPhase section */
		CD9C0A4B1A2E44A900E767DA /* Sources */ = {
			isa = PBXSourcesBuildPhase;
			buildActionMask = 2147483647;
			files = (
				CD9C0A551A2E44A900E767DA /* Watchdog.m in Sources */,
			);
			runOnlyForDeploymentPostprocessing = 0;
		};
		CD9C0A561A2E44A900E767DA /* Sources */ = {
			isa = PBXSourcesBuildPhase;
			buildActionMask = 2147483647;
			files = (
			);
			runOnlyForDeploymentPostprocessing = 0;
		};
/* End PBXSourcesBuildPhase section */

/* Begin PBXTargetDependency section */
		CD9C0A5D1A2E44A900E767DA /* PBXTargetDependency */ = {
			isa = PBXTargetDependency;
			target = CD9C0A4E1A2E44A900E767DA /* Watchdog */;
			targetProxy = CD9C0A5C1A2E44A900E767DA /* PBXContainerItemProxy */;
		};
/* End PBXTargetDependency section */

/* Begin XCBuildConfiguration section */
		CD9C0A611A2E44A900E767DA /* Debug */ = {
			isa = XCBuildConfiguration;
			buildSettings = {
				ALWAYS_SEARCH_USER_PATHS = NO;
				CLANG_CXX_LANGUAGE_STANDARD = "gnu++0x";
				CLANG_CXX_LIBRARY = "libc++";
				CLANG_ENABLE_MODULES = YES;
				CLANG_ENABLE_OBJC_ARC = YES;
				CLANG_WARN_BOOL_CONVERSION = YES;
				CLANG_WARN_CONSTANT_CONVERSION = YES;
				CLANG_WARN_DIRECT_OBJC_ISA_USAGE = YES_ERROR;
				CLANG_WARN_EMPTY_BODY = YES;
				CLANG_WARN_ENUM_CONVERSION = YES;
				CLANG_WARN_INT_CONVERSION = YES;
				CLANG_WARN_OBJC_ROOT_CLASS = YES_ERROR;
				CLANG_WARN_UNREACHABLE_CODE = YES;
				CLANG_WARN__DUPLICATE_METHOD_MATCH = YES;
				COPY_PHASE_STRIP = NO;
				ENABLE_STRICT_OBJC_MSGSEND = YES;
				GCC_C_LANGUAGE_STANDARD = gnu99;
				GCC_DYNAMIC_NO_PIC = NO;
				GCC_OPTIMIZATION_LEVEL = 0;
				GCC_PREPROCESSOR_DEFINITIONS = (
					"DEBUG=1",
					"$(inherited)",
				);
				GCC_SYMBOLS_PRIVATE_EXTERN = NO;
				GCC_WARN_64_TO_32_BIT_CONVERSION = YES;
				GCC_WARN_ABOUT_RETURN_TYPE = YES_ERROR;
				GCC_WARN_UNDECLARED_SELECTOR = YES;
				GCC_WARN_UNINITIALIZED_AUTOS = YES_AGGRESSIVE;
				GCC_WARN_UNUSED_FUNCTION = YES;
				GCC_WARN_UNUSED_VARIABLE = YES;
				HEADER_SEARCH_PATHS = (
					"$(inherited)",
					/Applications/Xcode.app/Contents/Developer/Toolchains/XcodeDefault.xctoolchain/usr/include,
					/System/Library/Frameworks/Python.framework/Versions/2.7/include/python2.7,
				);
				IPHONEOS_DEPLOYMENT_TARGET = 8.1;
				MTL_ENABLE_DEBUG_INFO = YES;
				ONLY_ACTIVE_ARCH = YES;
				SDKROOT = iphoneos;
			};
			name = Debug;
		};
		CD9C0A621A2E44A900E767DA /* Release */ = {
			isa = XCBuildConfiguration;
			buildSettings = {
				ALWAYS_SEARCH_USER_PATHS = NO;
				CLANG_CXX_LANGUAGE_STANDARD = "gnu++0x";
				CLANG_CXX_LIBRARY = "libc++";
				CLANG_ENABLE_MODULES = YES;
				CLANG_ENABLE_OBJC_ARC = YES;
				CLANG_WARN_BOOL_CONVERSION = YES;
				CLANG_WARN_CONSTANT_CONVERSION = YES;
				CLANG_WARN_DIRECT_OBJC_ISA_USAGE = YES_ERROR;
				CLANG_WARN_EMPTY_BODY = YES;
				CLANG_WARN_ENUM_CONVERSION = YES;
				CLANG_WARN_INT_CONVERSION = YES;
				CLANG_WARN_OBJC_ROOT_CLASS = YES_ERROR;
				CLANG_WARN_UNREACHABLE_CODE = YES;
				CLANG_WARN__DUPLICATE_METHOD_MATCH = YES;
				COPY_PHASE_STRIP = YES;
				ENABLE_NS_ASSERTIONS = NO;
				ENABLE_STRICT_OBJC_MSGSEND = YES;
				GCC_C_LANGUAGE_STANDARD = gnu99;
				GCC_WARN_64_TO_32_BIT_CONVERSION = YES;
				GCC_WARN_ABOUT_RETURN_TYPE = YES_ERROR;
				GCC_WARN_UNDECLARED_SELECTOR = YES;
				GCC_WARN_UNINITIALIZED_AUTOS = YES_AGGRESSIVE;
				GCC_WARN_UNUSED_FUNCTION = YES;
				GCC_WARN_UNUSED_VARIABLE = YES;
				HEADER_SEARCH_PATHS = (
					"$(inherited)",
					/Applications/Xcode.app/Contents/Developer/Toolchains/XcodeDefault.xctoolchain/usr/include,
					/System/Library/Frameworks/Python.framework/Versions/2.7/include/python2.7,
				);
				IPHONEOS_DEPLOYMENT_TARGET = 8.1;
				MTL_ENABLE_DEBUG_INFO = NO;
				SDKROOT = iphoneos;
				VALIDATE_PRODUCT = YES;
			};
			name = Release;
		};
		CD9C0A641A2E44A900E767DA /* Debug */ = {
			isa = XCBuildConfiguration;
			buildSettings = {
				OTHER_LDFLAGS = "-ObjC";
				PRODUCT_NAME = "$(TARGET_NAME)";
				SKIP_INSTALL = YES;
			};
			name = Debug;
		};
		CD9C0A651A2E44A900E767DA /* Release */ = {
			isa = XCBuildConfiguration;
			buildSettings = {
				OTHER_LDFLAGS = "-ObjC";
				PRODUCT_NAME = "$(TARGET_NAME)";
				SKIP_INSTALL = YES;
			};
			name = Release;
		};
		CD9C0A671A2E44A900E767DA /* Debug */ = {
			isa = XCBuildConfiguration;
			buildSettings = {
				FRAMEWORK_SEARCH_PATHS = (
					"$(SDKROOT)/Developer/Library/Frameworks",
					"$(inherited)",
				);
				GCC_PREPROCESSOR_DEFINITIONS = (
					"DEBUG=1",
					"$(inherited)",
				);
				INFOPLIST_FILE = WatchdogTests/Info.plist;
				LD_RUNPATH_SEARCH_PATHS = "$(inherited) @executable_path/Frameworks @loader_path/Frameworks";
				PRODUCT_NAME = "$(TARGET_NAME)";
			};
			name = Debug;
		};
		CD9C0A681A2E44A900E767DA /* Release */ = {
			isa = XCBuildConfiguration;
			buildSettings = {
				FRAMEWORK_SEARCH_PATHS = (
					"$(SDKROOT)/Developer/Library/Frameworks",
					"$(inherited)",
				);
				INFOPLIST_FILE = WatchdogTests/Info.plist;
				LD_RUNPATH_SEARCH_PATHS = "$(inherited) @executable_path/Frameworks @loader_path/Frameworks";
				PRODUCT_NAME = "$(TARGET_NAME)";
			};
			name = Release;
		};
/* End XCBuildConfiguration section */

/* Begin XCConfigurationList section */
		CD9C0A4A1A2E44A900E767DA /* Build configuration list for PBXProject "Watchdog" */ = {
			isa = XCConfigurationList;
			buildConfigurations = (
				CD9C0A611A2E44A900E767DA /* Debug */,
				CD9C0A621A2E44A900E767DA /* Release */,
			);
			defaultConfigurationIsVisible = 0;
			defaultConfigurationName = Release;
		};
		CD9C0A631A2E44A900E767DA /* Build configuration list for PBXNativeTarget "Watchdog" */ = {
			isa = XCConfigurationList;
			buildConfigurations = (
				CD9C0A641A2E44A900E767DA /* Debug */,
				CD9C0A651A2E44A900E767DA /* Release */,
			);
			defaultConfigurationIsVisible = 0;
			defaultConfigurationName = Release;
		};
		CD9C0A661A2E44A900E767DA /* Build configuration list for PBXNativeTarget "WatchdogTests" */ = {
			isa = XCConfigurationList;
			buildConfigurations = (
				CD9C0A671A2E44A900E767DA /* Debug */,
				CD9C0A681A2E44A900E767DA /* Release */,
			);
			defaultConfigurationIsVisible = 0;
			defaultConfigurationName = Release;
		};
/* End XCConfigurationList section */
	};
	rootObject = CD9C0A471A2E44A900E767DA /* Project object */;
}
