// !$*UTF8*$!
{
	archiveVersion = 1;
	classes = {
	};
	objectVersion = 46;
	objects = {

/* Begin PBXBuildFile section */
		CD9C0A531A2E44A900E767DA /* Watchdog.h in CopyFiles */ = {isa = PBXBuildFile; fileRef = CD9C0A521A2E44A900E767DA /* Watchdog.h */; };
		CD9C0A551A2E44A900E767DA /* Watchdog.m in Sources */ = {isa = PBXBuildFile; fileRef = CD9C0A541A2E44A900E767DA /* Watchdog.m */; };
		CDF1FA9F1A30BF4C003D421F /* Watchdog.swift in Sources */ = {isa = PBXBuildFile; fileRef = CDF1FA9E1A30BF4C003D421F /* Watchdog.swift */; };
/* End PBXBuildFile section */

/* Begin PBXCopyFilesBuildPhase section */
		CD9C0A4D1A2E44A900E767DA /* CopyFiles */ = {
			isa = PBXCopyFilesBuildPhase;
			buildActionMask = 2147483647;
			dstPath = "include/$(PRODUCT_NAME)";
			dstSubfolderSpec = 16;
			files = (
				CD9C0A531A2E44A900E767DA /* Watchdog.h in CopyFiles */,
			);
			runOnlyForDeploymentPostprocessing = 0;
		};
/* End PBXCopyFilesBuildPhase section */

/* Begin PBXFileReference section */
		CD9C0A4F1A2E44A900E767DA /* libWatchdog.a */ = {isa = PBXFileReference; explicitFileType = archive.ar; includeInIndex = 0; path = libWatchdog.a; sourceTree = BUILT_PRODUCTS_DIR; };
		CD9C0A521A2E44A900E767DA /* Watchdog.h */ = {isa = PBXFileReference; lastKnownFileType = sourcecode.c.h; path = Watchdog.h; sourceTree = "<group>"; };
		CD9C0A541A2E44A900E767DA /* Watchdog.m */ = {isa = PBXFileReference; lastKnownFileType = sourcecode.c.objc; path = Watchdog.m; sourceTree = "<group>"; };
		CD9C0A781A2E4D3B00E767DA /* content-watchdog.py */ = {isa = PBXFileReference; fileEncoding = 4; lastKnownFileType = text.script.python; path = "content-watchdog.py"; sourceTree = "<group>"; };
		CD9C0A791A2E4D3B00E767DA /* utility.py */ = {isa = PBXFileReference; fileEncoding = 4; lastKnownFileType = text.script.python; path = utility.py; sourceTree = "<group>"; };
		CDF1FA301A30A989003D421F /* PythonStuff.py */ = {isa = PBXFileReference; fileEncoding = 4; lastKnownFileType = text.script.python; path = PythonStuff.py; sourceTree = "<group>"; };
		CDF1FA9D1A30BF4B003D421F /* Watchdog-Bridging-Header.h */ = {isa = PBXFileReference; lastKnownFileType = sourcecode.c.h; path = "Watchdog-Bridging-Header.h"; sourceTree = "<group>"; };
		CDF1FA9E1A30BF4C003D421F /* Watchdog.swift */ = {isa = PBXFileReference; fileEncoding = 4; lastKnownFileType = sourcecode.swift; path = Watchdog.swift; sourceTree = "<group>"; };
/* End PBXFileReference section */

/* Begin PBXFrameworksBuildPhase section */
		CD9C0A4C1A2E44A900E767DA /* Frameworks */ = {
			isa = PBXFrameworksBuildPhase;
			buildActionMask = 2147483647;
			files = (
			);
			runOnlyForDeploymentPostprocessing = 0;
		};
/* End PBXFrameworksBuildPhase section */

/* Begin PBXGroup section */
		CD9C0A461A2E44A900E767DA = {
			isa = PBXGroup;
			children = (
				CD9C0A6B1A2E4D3B00E767DA /* scripts */,
				CD9C0A511A2E44A900E767DA /* Watchdog */,
				CD9C0A501A2E44A900E767DA /* Products */,
			);
			sourceTree = "<group>";
		};
		CD9C0A501A2E44A900E767DA /* Products */ = {
			isa = PBXGroup;
			children = (
				CD9C0A4F1A2E44A900E767DA /* libWatchdog.a */,
			);
			name = Products;
			sourceTree = "<group>";
		};
		CD9C0A511A2E44A900E767DA /* Watchdog */ = {
			isa = PBXGroup;
			children = (
				CD9C0A521A2E44A900E767DA /* Watchdog.h */,
				CD9C0A541A2E44A900E767DA /* Watchdog.m */,
				CDF1FA9E1A30BF4C003D421F /* Watchdog.swift */,
				CDF1FA9D1A30BF4B003D421F /* Watchdog-Bridging-Header.h */,
			);
			path = Watchdog;
			sourceTree = "<group>";
		};
		CD9C0A6B1A2E4D3B00E767DA /* scripts */ = {
			isa = PBXGroup;
			children = (
				CD9C0A781A2E4D3B00E767DA /* content-watchdog.py */,
				CD9C0A791A2E4D3B00E767DA /* utility.py */,
				CDF1FA301A30A989003D421F /* PythonStuff.py */,
			);
			name = scripts;
			path = Watchdog/scripts;
			sourceTree = "<group>";
		};
/* End PBXGroup section */

/* Begin PBXNativeTarget section */
		CD9C0A4E1A2E44A900E767DA /* Watchdog */ = {
			isa = PBXNativeTarget;
			buildConfigurationList = CD9C0A631A2E44A900E767DA /* Build configuration list for PBXNativeTarget "Watchdog" */;
			buildPhases = (
				CD9C0A4B1A2E44A900E767DA /* Sources */,
				CD9C0A4C1A2E44A900E767DA /* Frameworks */,
				CD9C0A4D1A2E44A900E767DA /* CopyFiles */,
			);
			buildRules = (
			);
			dependencies = (
			);
			name = Watchdog;
			productName = Watchdog;
			productReference = CD9C0A4F1A2E44A900E767DA /* libWatchdog.a */;
			productType = "com.apple.product-type.library.static";
		};
/* End PBXNativeTarget section */

/* Begin PBXProject section */
		CD9C0A471A2E44A900E767DA /* Project object */ = {
			isa = PBXProject;
			attributes = {
				LastUpgradeCheck = 0610;
				ORGANIZATIONNAME = Appuccino;
				TargetAttributes = {
					CD9C0A4E1A2E44A900E767DA = {
						CreatedOnToolsVersion = 6.1;
					};
				};
			};
			buildConfigurationList = CD9C0A4A1A2E44A900E767DA /* Build configuration list for PBXProject "Watchdog" */;
			compatibilityVersion = "Xcode 3.2";
			developmentRegion = English;
			hasScannedForEncodings = 0;
			knownRegions = (
				en,
			);
			mainGroup = CD9C0A461A2E44A900E767DA;
			productRefGroup = CD9C0A501A2E44A900E767DA /* Products */;
			projectDirPath = "";
			projectRoot = "";
			targets = (
				CD9C0A4E1A2E44A900E767DA /* Watchdog */,
			);
		};
/* End PBXProject section */

/* Begin PBXSourcesBuildPhase section */
		CD9C0A4B1A2E44A900E767DA /* Sources */ = {
			isa = PBXSourcesBuildPhase;
			buildActionMask = 2147483647;
			files = (
				CDF1FA9F1A30BF4C003D421F /* Watchdog.swift in Sources */,
				CD9C0A551A2E44A900E767DA /* Watchdog.m in Sources */,
			);
			runOnlyForDeploymentPostprocessing = 0;
		};
/* End PBXSourcesBuildPhase section */

/* Begin XCBuildConfiguration section */
		CD9C0A611A2E44A900E767DA /* Debug */ = {
			isa = XCBuildConfiguration;
			buildSettings = {
				ALWAYS_SEARCH_USER_PATHS = NO;
				CLANG_CXX_LANGUAGE_STANDARD = "gnu++0x";
				CLANG_CXX_LIBRARY = "libc++";
				CLANG_ENABLE_MODULES = YES;
				CLANG_ENABLE_OBJC_ARC = YES;
				CLANG_WARN_BOOL_CONVERSION = YES;
				CLANG_WARN_CONSTANT_CONVERSION = YES;
				CLANG_WARN_DIRECT_OBJC_ISA_USAGE = YES_ERROR;
				CLANG_WARN_EMPTY_BODY = YES;
				CLANG_WARN_ENUM_CONVERSION = YES;
				CLANG_WARN_INT_CONVERSION = YES;
				CLANG_WARN_OBJC_ROOT_CLASS = YES_ERROR;
				CLANG_WARN_UNREACHABLE_CODE = YES;
				CLANG_WARN__DUPLICATE_METHOD_MATCH = YES;
				COPY_PHASE_STRIP = NO;
				ENABLE_STRICT_OBJC_MSGSEND = YES;
				GCC_C_LANGUAGE_STANDARD = gnu99;
				GCC_DYNAMIC_NO_PIC = NO;
				GCC_OPTIMIZATION_LEVEL = 0;
				GCC_PREPROCESSOR_DEFINITIONS = (
					"DEBUG=1",
					"$(inherited)",
				);
				GCC_SYMBOLS_PRIVATE_EXTERN = NO;
				GCC_WARN_64_TO_32_BIT_CONVERSION = YES;
				GCC_WARN_ABOUT_RETURN_TYPE = YES_ERROR;
				GCC_WARN_UNDECLARED_SELECTOR = YES;
				GCC_WARN_UNINITIALIZED_AUTOS = YES_AGGRESSIVE;
				GCC_WARN_UNUSED_FUNCTION = YES;
				GCC_WARN_UNUSED_VARIABLE = YES;
				HEADER_SEARCH_PATHS = (
					"$(inherited)",
					/Applications/Xcode.app/Contents/Developer/Toolchains/XcodeDefault.xctoolchain/usr/include,
					/System/Library/Frameworks/Python.framework/Versions/2.7/include/python2.7,
				);
				IPHONEOS_DEPLOYMENT_TARGET = 8.1;
				MTL_ENABLE_DEBUG_INFO = YES;
				ONLY_ACTIVE_ARCH = YES;
				SDKROOT = iphoneos;
			};
			name = Debug;
		};
		CD9C0A621A2E44A900E767DA /* Release */ = {
			isa = XCBuildConfiguration;
			buildSettings = {
				ALWAYS_SEARCH_USER_PATHS = NO;
				CLANG_CXX_LANGUAGE_STANDARD = "gnu++0x";
				CLANG_CXX_LIBRARY = "libc++";
				CLANG_ENABLE_MODULES = YES;
				CLANG_ENABLE_OBJC_ARC = YES;
				CLANG_WARN_BOOL_CONVERSION = YES;
				CLANG_WARN_CONSTANT_CONVERSION = YES;
				CLANG_WARN_DIRECT_OBJC_ISA_USAGE = YES_ERROR;
				CLANG_WARN_EMPTY_BODY = YES;
				CLANG_WARN_ENUM_CONVERSION = YES;
				CLANG_WARN_INT_CONVERSION = YES;
				CLANG_WARN_OBJC_ROOT_CLASS = YES_ERROR;
				CLANG_WARN_UNREACHABLE_CODE = YES;
				CLANG_WARN__DUPLICATE_METHOD_MATCH = YES;
				COPY_PHASE_STRIP = YES;
				ENABLE_NS_ASSERTIONS = NO;
				ENABLE_STRICT_OBJC_MSGSEND = YES;
				GCC_C_LANGUAGE_STANDARD = gnu99;
				GCC_WARN_64_TO_32_BIT_CONVERSION = YES;
				GCC_WARN_ABOUT_RETURN_TYPE = YES_ERROR;
				GCC_WARN_UNDECLARED_SELECTOR = YES;
				GCC_WARN_UNINITIALIZED_AUTOS = YES_AGGRESSIVE;
				GCC_WARN_UNUSED_FUNCTION = YES;
				GCC_WARN_UNUSED_VARIABLE = YES;
				HEADER_SEARCH_PATHS = (
					"$(inherited)",
					/Applications/Xcode.app/Contents/Developer/Toolchains/XcodeDefault.xctoolchain/usr/include,
					/System/Library/Frameworks/Python.framework/Versions/2.7/include/python2.7,
				);
				IPHONEOS_DEPLOYMENT_TARGET = 8.1;
				MTL_ENABLE_DEBUG_INFO = NO;
				SDKROOT = iphoneos;
				VALIDATE_PRODUCT = YES;
			};
			name = Release;
		};
		CD9C0A641A2E44A900E767DA /* Debug */ = {
			isa = XCBuildConfiguration;
			buildSettings = {
				ALWAYS_SEARCH_USER_PATHS = NO;
				CLANG_ENABLE_MODULES = YES;
				LD_RUNPATH_SEARCH_PATHS = "$(inherited) @executable_path/Frameworks @loader_path/Frameworks";
				OTHER_LDFLAGS = "-ObjC";
				PRODUCT_NAME = "$(TARGET_NAME)";
				SKIP_INSTALL = YES;
				SWIFT_OBJC_BRIDGING_HEADER = "Watchdog/Watchdog-Bridging-Header.h";
				SWIFT_OPTIMIZATION_LEVEL = "-Onone";
			};
			name = Debug;
		};
		CD9C0A651A2E44A900E767DA /* Release */ = {
			isa = XCBuildConfiguration;
			buildSettings = {
				ALWAYS_SEARCH_USER_PATHS = NO;
				CLANG_ENABLE_MODULES = YES;
				LD_RUNPATH_SEARCH_PATHS = "$(inherited) @executable_path/Frameworks @loader_path/Frameworks";
				OTHER_LDFLAGS = "-ObjC";
				PRODUCT_NAME = "$(TARGET_NAME)";
				SKIP_INSTALL = YES;
				SWIFT_OBJC_BRIDGING_HEADER = "Watchdog/Watchdog-Bridging-Header.h";
			};
			name = Release;
		};
/* End XCBuildConfiguration section */

/* Begin XCConfigurationList section */
		CD9C0A4A1A2E44A900E767DA /* Build configuration list for PBXProject "Watchdog" */ = {
			isa = XCConfigurationList;
			buildConfigurations = (
				CD9C0A611A2E44A900E767DA /* Debug */,
				CD9C0A621A2E44A900E767DA /* Release */,
			);
			defaultConfigurationIsVisible = 0;
			defaultConfigurationName = Release;
		};
		CD9C0A631A2E44A900E767DA /* Build configuration list for PBXNativeTarget "Watchdog" */ = {
			isa = XCConfigurationList;
			buildConfigurations = (
				CD9C0A641A2E44A900E767DA /* Debug */,
				CD9C0A651A2E44A900E767DA /* Release */,
			);
			defaultConfigurationIsVisible = 0;
			defaultConfigurationName = Release;
		};
/* End XCConfigurationList section */
	};
	rootObject = CD9C0A471A2E44A900E767DA /* Project object */;
}
